// !$*UTF8*$!
{
	archiveVersion = 1;
	classes = {
	};
	objectVersion = 56;
	objects = {

/* Begin PBXBuildFile section */
		870777D62A1E37640047FDA8 /* AppDelegate.swift in Sources */ = {isa = PBXBuildFile; fileRef = 870777D52A1E37640047FDA8 /* AppDelegate.swift */; };
		870777D82A1E37640047FDA8 /* SceneDelegate.swift in Sources */ = {isa = PBXBuildFile; fileRef = 870777D72A1E37640047FDA8 /* SceneDelegate.swift */; };
		870777DA2A1E37640047FDA8 /* MainViewController.swift in Sources */ = {isa = PBXBuildFile; fileRef = 870777D92A1E37640047FDA8 /* MainViewController.swift */; };
		870777DD2A1E37640047FDA8 /* Main.storyboard in Resources */ = {isa = PBXBuildFile; fileRef = 870777DB2A1E37640047FDA8 /* Main.storyboard */; };
		870777DF2A1E37660047FDA8 /* Assets.xcassets in Resources */ = {isa = PBXBuildFile; fileRef = 870777DE2A1E37660047FDA8 /* Assets.xcassets */; };
		870777E22A1E37660047FDA8 /* LaunchScreen.storyboard in Resources */ = {isa = PBXBuildFile; fileRef = 870777E02A1E37660047FDA8 /* LaunchScreen.storyboard */; };
		870777EC2A1E39530047FDA8 /* MainPresenter.swift in Sources */ = {isa = PBXBuildFile; fileRef = 870777EB2A1E39530047FDA8 /* MainPresenter.swift */; };
		870777F22A1E3E540047FDA8 /* MainViewController.xib in Resources */ = {isa = PBXBuildFile; fileRef = 870777F12A1E3E540047FDA8 /* MainViewController.xib */; };
		870777F42A1E3F3F0047FDA8 /* ModuleBuilder.swift in Sources */ = {isa = PBXBuildFile; fileRef = 870777F32A1E3F3F0047FDA8 /* ModuleBuilder.swift */; };
		870777F62A1E4D290047FDA8 /* Constants.swift in Sources */ = {isa = PBXBuildFile; fileRef = 870777F52A1E4D290047FDA8 /* Constants.swift */; };
		870777F82A1E521E0047FDA8 /* Cat.swift in Sources */ = {isa = PBXBuildFile; fileRef = 870777F72A1E521E0047FDA8 /* Cat.swift */; };
		870777FB2A1E52E10047FDA8 /* NetworkService.swift in Sources */ = {isa = PBXBuildFile; fileRef = 870777FA2A1E52E10047FDA8 /* NetworkService.swift */; };
		870778032A1F6F0B0047FDA8 /* PhotoCell.swift in Sources */ = {isa = PBXBuildFile; fileRef = 870778012A1F6F0B0047FDA8 /* PhotoCell.swift */; };
		870778042A1F6F0B0047FDA8 /* PhotoCell.xib in Resources */ = {isa = PBXBuildFile; fileRef = 870778022A1F6F0B0047FDA8 /* PhotoCell.xib */; };
		870778062A1F6F800047FDA8 /* CatPhoto.swift in Sources */ = {isa = PBXBuildFile; fileRef = 870778052A1F6F800047FDA8 /* CatPhoto.swift */; };
/* End PBXBuildFile section */

/* Begin PBXFileReference section */
		870777D22A1E37640047FDA8 /* CatGallaryApp.app */ = {isa = PBXFileReference; explicitFileType = wrapper.application; includeInIndex = 0; path = CatGallaryApp.app; sourceTree = BUILT_PRODUCTS_DIR; };
		870777D52A1E37640047FDA8 /* AppDelegate.swift */ = {isa = PBXFileReference; lastKnownFileType = sourcecode.swift; path = AppDelegate.swift; sourceTree = "<group>"; };
		870777D72A1E37640047FDA8 /* SceneDelegate.swift */ = {isa = PBXFileReference; lastKnownFileType = sourcecode.swift; path = SceneDelegate.swift; sourceTree = "<group>"; };
		870777D92A1E37640047FDA8 /* MainViewController.swift */ = {isa = PBXFileReference; lastKnownFileType = sourcecode.swift; path = MainViewController.swift; sourceTree = "<group>"; };
		870777DC2A1E37640047FDA8 /* Base */ = {isa = PBXFileReference; lastKnownFileType = file.storyboard; name = Base; path = Base.lproj/Main.storyboard; sourceTree = "<group>"; };
		870777DE2A1E37660047FDA8 /* Assets.xcassets */ = {isa = PBXFileReference; lastKnownFileType = folder.assetcatalog; path = Assets.xcassets; sourceTree = "<group>"; };
		870777E12A1E37660047FDA8 /* Base */ = {isa = PBXFileReference; lastKnownFileType = file.storyboard; name = Base; path = Base.lproj/LaunchScreen.storyboard; sourceTree = "<group>"; };
		870777E32A1E37660047FDA8 /* Info.plist */ = {isa = PBXFileReference; lastKnownFileType = text.plist.xml; path = Info.plist; sourceTree = "<group>"; };
		870777EB2A1E39530047FDA8 /* MainPresenter.swift */ = {isa = PBXFileReference; lastKnownFileType = sourcecode.swift; path = MainPresenter.swift; sourceTree = "<group>"; };
		870777F12A1E3E540047FDA8 /* MainViewController.xib */ = {isa = PBXFileReference; lastKnownFileType = file.xib; path = MainViewController.xib; sourceTree = "<group>"; };
		870777F32A1E3F3F0047FDA8 /* ModuleBuilder.swift */ = {isa = PBXFileReference; lastKnownFileType = sourcecode.swift; path = ModuleBuilder.swift; sourceTree = "<group>"; };
		870777F52A1E4D290047FDA8 /* Constants.swift */ = {isa = PBXFileReference; lastKnownFileType = sourcecode.swift; path = Constants.swift; sourceTree = "<group>"; };
		870777F72A1E521E0047FDA8 /* Cat.swift */ = {isa = PBXFileReference; lastKnownFileType = sourcecode.swift; path = Cat.swift; sourceTree = "<group>"; };
		870777FA2A1E52E10047FDA8 /* NetworkService.swift */ = {isa = PBXFileReference; lastKnownFileType = sourcecode.swift; path = NetworkService.swift; sourceTree = "<group>"; };
		870778012A1F6F0B0047FDA8 /* PhotoCell.swift */ = {isa = PBXFileReference; lastKnownFileType = sourcecode.swift; path = PhotoCell.swift; sourceTree = "<group>"; };
		870778022A1F6F0B0047FDA8 /* PhotoCell.xib */ = {isa = PBXFileReference; lastKnownFileType = file.xib; path = PhotoCell.xib; sourceTree = "<group>"; };
		870778052A1F6F800047FDA8 /* CatPhoto.swift */ = {isa = PBXFileReference; lastKnownFileType = sourcecode.swift; path = CatPhoto.swift; sourceTree = "<group>"; };
/* End PBXFileReference section */

/* Begin PBXFrameworksBuildPhase section */
		870777CF2A1E37640047FDA8 /* Frameworks */ = {
			isa = PBXFrameworksBuildPhase;
			buildActionMask = 2147483647;
			files = (
			);
			runOnlyForDeploymentPostprocessing = 0;
		};
/* End PBXFrameworksBuildPhase section */

/* Begin PBXGroup section */
		870777C92A1E37640047FDA8 = {
			isa = PBXGroup;
			children = (
				870777D42A1E37640047FDA8 /* CatGallaryApp */,
				870777D32A1E37640047FDA8 /* Products */,
			);
			sourceTree = "<group>";
		};
		870777D32A1E37640047FDA8 /* Products */ = {
			isa = PBXGroup;
			children = (
				870777D22A1E37640047FDA8 /* CatGallaryApp.app */,
			);
			name = Products;
			sourceTree = "<group>";
		};
		870777D42A1E37640047FDA8 /* CatGallaryApp */ = {
			isa = PBXGroup;
			children = (
				870777D52A1E37640047FDA8 /* AppDelegate.swift */,
				870777D72A1E37640047FDA8 /* SceneDelegate.swift */,
				870777F32A1E3F3F0047FDA8 /* ModuleBuilder.swift */,
				870777FC2A1E530F0047FDA8 /* ServiceLayer */,
				870777F92A1E52B30047FDA8 /* Constants */,
				870777ED2A1E3D880047FDA8 /* MainModule */,
				870777DB2A1E37640047FDA8 /* Main.storyboard */,
				870777DE2A1E37660047FDA8 /* Assets.xcassets */,
				870777E02A1E37660047FDA8 /* LaunchScreen.storyboard */,
				870777E32A1E37660047FDA8 /* Info.plist */,
			);
			path = CatGallaryApp;
			sourceTree = "<group>";
		};
		870777ED2A1E3D880047FDA8 /* MainModule */ = {
			isa = PBXGroup;
			children = (
				870777EE2A1E3DAB0047FDA8 /* View */,
				870777EF2A1E3DB20047FDA8 /* Model */,
				870777F02A1E3DBB0047FDA8 /* Presenter */,
			);
			path = MainModule;
			sourceTree = "<group>";
		};
		870777EE2A1E3DAB0047FDA8 /* View */ = {
			isa = PBXGroup;
			children = (
				870777D92A1E37640047FDA8 /* MainViewController.swift */,
				870777F12A1E3E540047FDA8 /* MainViewController.xib */,
				870778012A1F6F0B0047FDA8 /* PhotoCell.swift */,
				870778022A1F6F0B0047FDA8 /* PhotoCell.xib */,
			);
			path = View;
			sourceTree = "<group>";
		};
		870777EF2A1E3DB20047FDA8 /* Model */ = {
			isa = PBXGroup;
			children = (
				870777F72A1E521E0047FDA8 /* Cat.swift */,
				870778052A1F6F800047FDA8 /* CatPhoto.swift */,
			);
			path = Model;
			sourceTree = "<group>";
		};
		870777F02A1E3DBB0047FDA8 /* Presenter */ = {
			isa = PBXGroup;
			children = (
				870777EB2A1E39530047FDA8 /* MainPresenter.swift */,
			);
			path = Presenter;
			sourceTree = "<group>";
		};
		870777F92A1E52B30047FDA8 /* Constants */ = {
			isa = PBXGroup;
			children = (
				870777F52A1E4D290047FDA8 /* Constants.swift */,
			);
			path = Constants;
			sourceTree = "<group>";
		};
		870777FC2A1E530F0047FDA8 /* ServiceLayer */ = {
			isa = PBXGroup;
			children = (
				870777FA2A1E52E10047FDA8 /* NetworkService.swift */,
			);
			path = ServiceLayer;
			sourceTree = "<group>";
		};
/* End PBXGroup section */

/* Begin PBXNativeTarget section */
		870777D12A1E37640047FDA8 /* CatGallaryApp */ = {
			isa = PBXNativeTarget;
			buildConfigurationList = 870777E62A1E37660047FDA8 /* Build configuration list for PBXNativeTarget "CatGallaryApp" */;
			buildPhases = (
				870777CE2A1E37640047FDA8 /* Sources */,
				870777CF2A1E37640047FDA8 /* Frameworks */,
				870777D02A1E37640047FDA8 /* Resources */,
			);
			buildRules = (
			);
			dependencies = (
			);
			name = CatGallaryApp;
			productName = CatGallaryApp;
			productReference = 870777D22A1E37640047FDA8 /* CatGallaryApp.app */;
			productType = "com.apple.product-type.application";
		};
/* End PBXNativeTarget section */

/* Begin PBXProject section */
		870777CA2A1E37640047FDA8 /* Project object */ = {
			isa = PBXProject;
			attributes = {
				BuildIndependentTargetsInParallel = 1;
				LastSwiftUpdateCheck = 1420;
				LastUpgradeCheck = 1420;
				TargetAttributes = {
					870777D12A1E37640047FDA8 = {
						CreatedOnToolsVersion = 14.2;
					};
				};
			};
			buildConfigurationList = 870777CD2A1E37640047FDA8 /* Build configuration list for PBXProject "CatGallaryApp" */;
			compatibilityVersion = "Xcode 14.0";
			developmentRegion = en;
			hasScannedForEncodings = 0;
			knownRegions = (
				en,
				Base,
			);
			mainGroup = 870777C92A1E37640047FDA8;
			productRefGroup = 870777D32A1E37640047FDA8 /* Products */;
			projectDirPath = "";
			projectRoot = "";
			targets = (
				870777D12A1E37640047FDA8 /* CatGallaryApp */,
			);
		};
/* End PBXProject section */

/* Begin PBXResourcesBuildPhase section */
		870777D02A1E37640047FDA8 /* Resources */ = {
			isa = PBXResourcesBuildPhase;
			buildActionMask = 2147483647;
			files = (
				870777E22A1E37660047FDA8 /* LaunchScreen.storyboard in Resources */,
				870777DF2A1E37660047FDA8 /* Assets.xcassets in Resources */,
				870777DD2A1E37640047FDA8 /* Main.storyboard in Resources */,
				870777F22A1E3E540047FDA8 /* MainViewController.xib in Resources */,
				870778042A1F6F0B0047FDA8 /* PhotoCell.xib in Resources */,
			);
			runOnlyForDeploymentPostprocessing = 0;
		};
/* End PBXResourcesBuildPhase section */

/* Begin PBXSourcesBuildPhase section */
		870777CE2A1E37640047FDA8 /* Sources */ = {
			isa = PBXSourcesBuildPhase;
			buildActionMask = 2147483647;
			files = (
				870777EC2A1E39530047FDA8 /* MainPresenter.swift in Sources */,
				870778032A1F6F0B0047FDA8 /* PhotoCell.swift in Sources */,
				870777F82A1E521E0047FDA8 /* Cat.swift in Sources */,
				870778062A1F6F800047FDA8 /* CatPhoto.swift in Sources */,
				870777FB2A1E52E10047FDA8 /* NetworkService.swift in Sources */,
				870777DA2A1E37640047FDA8 /* MainViewController.swift in Sources */,
				870777D62A1E37640047FDA8 /* AppDelegate.swift in Sources */,
				870777F62A1E4D290047FDA8 /* Constants.swift in Sources */,
				870777D82A1E37640047FDA8 /* SceneDelegate.swift in Sources */,
				870777F42A1E3F3F0047FDA8 /* ModuleBuilder.swift in Sources */,
			);
			runOnlyForDeploymentPostprocessing = 0;
		};
/* End PBXSourcesBuildPhase section */

/* Begin PBXVariantGroup section */
		870777DB2A1E37640047FDA8 /* Main.storyboard */ = {
			isa = PBXVariantGroup;
			children = (
				870777DC2A1E37640047FDA8 /* Base */,
			);
			name = Main.storyboard;
			sourceTree = "<group>";
		};
		870777E02A1E37660047FDA8 /* LaunchScreen.storyboard */ = {
			isa = PBXVariantGroup;
			children = (
				870777E12A1E37660047FDA8 /* Base */,
			);
			name = LaunchScreen.storyboard;
			sourceTree = "<group>";
		};
/* End PBXVariantGroup section */

/* Begin XCBuildConfiguration section */
		870777E42A1E37660047FDA8 /* Debug */ = {
			isa = XCBuildConfiguration;
			buildSettings = {
				ALWAYS_SEARCH_USER_PATHS = NO;
				CLANG_ANALYZER_NONNULL = YES;
				CLANG_ANALYZER_NUMBER_OBJECT_CONVERSION = YES_AGGRESSIVE;
				CLANG_CXX_LANGUAGE_STANDARD = "gnu++20";
				CLANG_ENABLE_MODULES = YES;
				CLANG_ENABLE_OBJC_ARC = YES;
				CLANG_ENABLE_OBJC_WEAK = YES;
				CLANG_WARN_BLOCK_CAPTURE_AUTORELEASING = YES;
				CLANG_WARN_BOOL_CONVERSION = YES;
				CLANG_WARN_COMMA = YES;
				CLANG_WARN_CONSTANT_CONVERSION = YES;
				CLANG_WARN_DEPRECATED_OBJC_IMPLEMENTATIONS = YES;
				CLANG_WARN_DIRECT_OBJC_ISA_USAGE = YES_ERROR;
				CLANG_WARN_DOCUMENTATION_COMMENTS = YES;
				CLANG_WARN_EMPTY_BODY = YES;
				CLANG_WARN_ENUM_CONVERSION = YES;
				CLANG_WARN_INFINITE_RECURSION = YES;
				CLANG_WARN_INT_CONVERSION = YES;
				CLANG_WARN_NON_LITERAL_NULL_CONVERSION = YES;
				CLANG_WARN_OBJC_IMPLICIT_RETAIN_SELF = YES;
				CLANG_WARN_OBJC_LITERAL_CONVERSION = YES;
				CLANG_WARN_OBJC_ROOT_CLASS = YES_ERROR;
				CLANG_WARN_QUOTED_INCLUDE_IN_FRAMEWORK_HEADER = YES;
				CLANG_WARN_RANGE_LOOP_ANALYSIS = YES;
				CLANG_WARN_STRICT_PROTOTYPES = YES;
				CLANG_WARN_SUSPICIOUS_MOVE = YES;
				CLANG_WARN_UNGUARDED_AVAILABILITY = YES_AGGRESSIVE;
				CLANG_WARN_UNREACHABLE_CODE = YES;
				CLANG_WARN__DUPLICATE_METHOD_MATCH = YES;
				COPY_PHASE_STRIP = NO;
				DEBUG_INFORMATION_FORMAT = dwarf;
				ENABLE_STRICT_OBJC_MSGSEND = YES;
				ENABLE_TESTABILITY = YES;
				GCC_C_LANGUAGE_STANDARD = gnu11;
				GCC_DYNAMIC_NO_PIC = NO;
				GCC_NO_COMMON_BLOCKS = YES;
				GCC_OPTIMIZATION_LEVEL = 0;
				GCC_PREPROCESSOR_DEFINITIONS = (
					"DEBUG=1",
					"$(inherited)",
				);
				GCC_WARN_64_TO_32_BIT_CONVERSION = YES;
				GCC_WARN_ABOUT_RETURN_TYPE = YES_ERROR;
				GCC_WARN_UNDECLARED_SELECTOR = YES;
				GCC_WARN_UNINITIALIZED_AUTOS = YES_AGGRESSIVE;
				GCC_WARN_UNUSED_FUNCTION = YES;
				GCC_WARN_UNUSED_VARIABLE = YES;
				IPHONEOS_DEPLOYMENT_TARGET = 16.2;
				MTL_ENABLE_DEBUG_INFO = INCLUDE_SOURCE;
				MTL_FAST_MATH = YES;
				ONLY_ACTIVE_ARCH = YES;
				SDKROOT = iphoneos;
				SWIFT_ACTIVE_COMPILATION_CONDITIONS = DEBUG;
				SWIFT_OPTIMIZATION_LEVEL = "-Onone";
			};
			name = Debug;
		};
		870777E52A1E37660047FDA8 /* Release */ = {
			isa = XCBuildConfiguration;
			buildSettings = {
				ALWAYS_SEARCH_USER_PATHS = NO;
				CLANG_ANALYZER_NONNULL = YES;
				CLANG_ANALYZER_NUMBER_OBJECT_CONVERSION = YES_AGGRESSIVE;
				CLANG_CXX_LANGUAGE_STANDARD = "gnu++20";
				CLANG_ENABLE_MODULES = YES;
				CLANG_ENABLE_OBJC_ARC = YES;
				CLANG_ENABLE_OBJC_WEAK = YES;
				CLANG_WARN_BLOCK_CAPTURE_AUTORELEASING = YES;
				CLANG_WARN_BOOL_CONVERSION = YES;
				CLANG_WARN_COMMA = YES;
				CLANG_WARN_CONSTANT_CONVERSION = YES;
				CLANG_WARN_DEPRECATED_OBJC_IMPLEMENTATIONS = YES;
				CLANG_WARN_DIRECT_OBJC_ISA_USAGE = YES_ERROR;
				CLANG_WARN_DOCUMENTATION_COMMENTS = YES;
				CLANG_WARN_EMPTY_BODY = YES;
				CLANG_WARN_ENUM_CONVERSION = YES;
				CLANG_WARN_INFINITE_RECURSION = YES;
				CLANG_WARN_INT_CONVERSION = YES;
				CLANG_WARN_NON_LITERAL_NULL_CONVERSION = YES;
				CLANG_WARN_OBJC_IMPLICIT_RETAIN_SELF = YES;
				CLANG_WARN_OBJC_LITERAL_CONVERSION = YES;
				CLANG_WARN_OBJC_ROOT_CLASS = YES_ERROR;
				CLANG_WARN_QUOTED_INCLUDE_IN_FRAMEWORK_HEADER = YES;
				CLANG_WARN_RANGE_LOOP_ANALYSIS = YES;
				CLANG_WARN_STRICT_PROTOTYPES = YES;
				CLANG_WARN_SUSPICIOUS_MOVE = YES;
				CLANG_WARN_UNGUARDED_AVAILABILITY = YES_AGGRESSIVE;
				CLANG_WARN_UNREACHABLE_CODE = YES;
				CLANG_WARN__DUPLICATE_METHOD_MATCH = YES;
				COPY_PHASE_STRIP = NO;
				DEBUG_INFORMATION_FORMAT = "dwarf-with-dsym";
				ENABLE_NS_ASSERTIONS = NO;
				ENABLE_STRICT_OBJC_MSGSEND = YES;
				GCC_C_LANGUAGE_STANDARD = gnu11;
				GCC_NO_COMMON_BLOCKS = YES;
				GCC_WARN_64_TO_32_BIT_CONVERSION = YES;
				GCC_WARN_ABOUT_RETURN_TYPE = YES_ERROR;
				GCC_WARN_UNDECLARED_SELECTOR = YES;
				GCC_WARN_UNINITIALIZED_AUTOS = YES_AGGRESSIVE;
				GCC_WARN_UNUSED_FUNCTION = YES;
				GCC_WARN_UNUSED_VARIABLE = YES;
				IPHONEOS_DEPLOYMENT_TARGET = 16.2;
				MTL_ENABLE_DEBUG_INFO = NO;
				MTL_FAST_MATH = YES;
				SDKROOT = iphoneos;
				SWIFT_COMPILATION_MODE = wholemodule;
				SWIFT_OPTIMIZATION_LEVEL = "-O";
				VALIDATE_PRODUCT = YES;
			};
			name = Release;
		};
		870777E72A1E37660047FDA8 /* Debug */ = {
			isa = XCBuildConfiguration;
			buildSettings = {
				ASSETCATALOG_COMPILER_APPICON_NAME = AppIcon;
				ASSETCATALOG_COMPILER_GLOBAL_ACCENT_COLOR_NAME = AccentColor;
				CODE_SIGN_STYLE = Automatic;
				CURRENT_PROJECT_VERSION = 1;
				DEVELOPMENT_TEAM = Z349L8W65N;
				GENERATE_INFOPLIST_FILE = YES;
				INFOPLIST_FILE = CatGallaryApp/Info.plist;
				INFOPLIST_KEY_UIApplicationSupportsIndirectInputEvents = YES;
				INFOPLIST_KEY_UILaunchStoryboardName = LaunchScreen;
				INFOPLIST_KEY_UIMainStoryboardFile = Main;
				INFOPLIST_KEY_UISupportedInterfaceOrientations_iPad = "UIInterfaceOrientationPortrait UIInterfaceOrientationPortraitUpsideDown UIInterfaceOrientationLandscapeLeft UIInterfaceOrientationLandscapeRight";
				INFOPLIST_KEY_UISupportedInterfaceOrientations_iPhone = "UIInterfaceOrientationPortrait UIInterfaceOrientationLandscapeLeft UIInterfaceOrientationLandscapeRight";
				IPHONEOS_DEPLOYMENT_TARGET = 14.0;
				LD_RUNPATH_SEARCH_PATHS = (
					"$(inherited)",
					"@executable_path/Frameworks",
				);
				MARKETING_VERSION = 1.0;
				PRODUCT_BUNDLE_IDENTIFIER = vladyslav.CatGallaryApp;
				PRODUCT_NAME = "$(TARGET_NAME)";
				SWIFT_EMIT_LOC_STRINGS = YES;
				SWIFT_VERSION = 5.0;
				TARGETED_DEVICE_FAMILY = "1,2";
			};
			name = Debug;
		};
		870777E82A1E37660047FDA8 /* Release */ = {
			isa = XCBuildConfiguration;
			buildSettings = {
				ASSETCATALOG_COMPILER_APPICON_NAME = AppIcon;
				ASSETCATALOG_COMPILER_GLOBAL_ACCENT_COLOR_NAME = AccentColor;
				CODE_SIGN_STYLE = Automatic;
				CURRENT_PROJECT_VERSION = 1;
				DEVELOPMENT_TEAM = Z349L8W65N;
				GENERATE_INFOPLIST_FILE = YES;
				INFOPLIST_FILE = CatGallaryApp/Info.plist;
				INFOPLIST_KEY_UIApplicationSupportsIndirectInputEvents = YES;
				INFOPLIST_KEY_UILaunchStoryboardName = LaunchScreen;
				INFOPLIST_KEY_UIMainStoryboardFile = Main;
				INFOPLIST_KEY_UISupportedInterfaceOrientations_iPad = "UIInterfaceOrientationPortrait UIInterfaceOrientationPortraitUpsideDown UIInterfaceOrientationLandscapeLeft UIInterfaceOrientationLandscapeRight";
				INFOPLIST_KEY_UISupportedInterfaceOrientations_iPhone = "UIInterfaceOrientationPortrait UIInterfaceOrientationLandscapeLeft UIInterfaceOrientationLandscapeRight";
				IPHONEOS_DEPLOYMENT_TARGET = 14.0;
				LD_RUNPATH_SEARCH_PATHS = (
					"$(inherited)",
					"@executable_path/Frameworks",
				);
				MARKETING_VERSION = 1.0;
				PRODUCT_BUNDLE_IDENTIFIER = vladyslav.CatGallaryApp;
				PRODUCT_NAME = "$(TARGET_NAME)";
				SWIFT_EMIT_LOC_STRINGS = YES;
				SWIFT_VERSION = 5.0;
				TARGETED_DEVICE_FAMILY = "1,2";
			};
			name = Release;
		};
/* End XCBuildConfiguration section */

/* Begin XCConfigurationList section */
		870777CD2A1E37640047FDA8 /* Build configuration list for PBXProject "CatGallaryApp" */ = {
			isa = XCConfigurationList;
			buildConfigurations = (
				870777E42A1E37660047FDA8 /* Debug */,
				870777E52A1E37660047FDA8 /* Release */,
			);
			defaultConfigurationIsVisible = 0;
			defaultConfigurationName = Release;
		};
		870777E62A1E37660047FDA8 /* Build configuration list for PBXNativeTarget "CatGallaryApp" */ = {
			isa = XCConfigurationList;
			buildConfigurations = (
				870777E72A1E37660047FDA8 /* Debug */,
				870777E82A1E37660047FDA8 /* Release */,
			);
			defaultConfigurationIsVisible = 0;
			defaultConfigurationName = Release;
		};
/* End XCConfigurationList section */
	};
	rootObject = 870777CA2A1E37640047FDA8 /* Project object */;
}
